// !$*UTF8*$!
{
	archiveVersion = 1;
	classes = {
	};
	objectVersion = 51;
	objects = {

/* Begin PBXBuildFile section */
		06F94D9604EF88026CEC99AB /* Pods_Rango.framework in Frameworks */ = {isa = PBXBuildFile; fileRef = 02EB695C82C93937ABED9FA1 /* Pods_Rango.framework */; };
		50E89495C849239DDE930DD0 /* Pods_RangoTests.framework in Frameworks */ = {isa = PBXBuildFile; fileRef = E3399DACC8415A10ABAD5B08 /* Pods_RangoTests.framework */; };
		9206E0292554BD0E001CC6E8 /* LoginViewController.swift in Sources */ = {isa = PBXBuildFile; fileRef = 9206E0272554BD0E001CC6E8 /* LoginViewController.swift */; };
		9206E02A2554BD0E001CC6E8 /* LoginViewController.xib in Resources */ = {isa = PBXBuildFile; fileRef = 9206E0282554BD0E001CC6E8 /* LoginViewController.xib */; };
		9206E02C2554C067001CC6E8 /* UITextField+Padding.swift in Sources */ = {isa = PBXBuildFile; fileRef = 9206E02B2554C067001CC6E8 /* UITextField+Padding.swift */; };
		928182D52550D3B50035C7CB /* Nunito-Light.ttf in Resources */ = {isa = PBXBuildFile; fileRef = 928182C72550D3B30035C7CB /* Nunito-Light.ttf */; };
		928182D62550D3B50035C7CB /* Nunito-BlackItalic.ttf in Resources */ = {isa = PBXBuildFile; fileRef = 928182C82550D3B30035C7CB /* Nunito-BlackItalic.ttf */; };
		928182D72550D3B50035C7CB /* Nunito-SemiBold.ttf in Resources */ = {isa = PBXBuildFile; fileRef = 928182C92550D3B30035C7CB /* Nunito-SemiBold.ttf */; };
		928182D82550D3B50035C7CB /* Nunito-SemiBoldItalic.ttf in Resources */ = {isa = PBXBuildFile; fileRef = 928182CA2550D3B30035C7CB /* Nunito-SemiBoldItalic.ttf */; };
		928182D92550D3B50035C7CB /* Nunito-ExtraBold.ttf in Resources */ = {isa = PBXBuildFile; fileRef = 928182CB2550D3B30035C7CB /* Nunito-ExtraBold.ttf */; };
		928182DA2550D3B50035C7CB /* Nunito-ExtraLightItalic.ttf in Resources */ = {isa = PBXBuildFile; fileRef = 928182CC2550D3B30035C7CB /* Nunito-ExtraLightItalic.ttf */; };
		928182DB2550D3B50035C7CB /* Nunito-Italic.ttf in Resources */ = {isa = PBXBuildFile; fileRef = 928182CD2550D3B30035C7CB /* Nunito-Italic.ttf */; };
		928182DC2550D3B50035C7CB /* Nunito-ExtraLight.ttf in Resources */ = {isa = PBXBuildFile; fileRef = 928182CE2550D3B40035C7CB /* Nunito-ExtraLight.ttf */; };
		928182DD2550D3B50035C7CB /* Nunito-Bold.ttf in Resources */ = {isa = PBXBuildFile; fileRef = 928182CF2550D3B40035C7CB /* Nunito-Bold.ttf */; };
		928182DE2550D3B50035C7CB /* Nunito-ExtraBoldItalic.ttf in Resources */ = {isa = PBXBuildFile; fileRef = 928182D02550D3B40035C7CB /* Nunito-ExtraBoldItalic.ttf */; };
		928182DF2550D3B50035C7CB /* Nunito-BoldItalic.ttf in Resources */ = {isa = PBXBuildFile; fileRef = 928182D12550D3B40035C7CB /* Nunito-BoldItalic.ttf */; };
		928182E02550D3B50035C7CB /* Nunito-Black.ttf in Resources */ = {isa = PBXBuildFile; fileRef = 928182D22550D3B40035C7CB /* Nunito-Black.ttf */; };
		928182E12550D3B50035C7CB /* Nunito-LightItalic.ttf in Resources */ = {isa = PBXBuildFile; fileRef = 928182D32550D3B40035C7CB /* Nunito-LightItalic.ttf */; };
		928182E22550D3B50035C7CB /* Nunito-Regular.ttf in Resources */ = {isa = PBXBuildFile; fileRef = 928182D42550D3B50035C7CB /* Nunito-Regular.ttf */; };
		C301FDFB25563A3800F00AA1 /* MenuViewController.swift in Sources */ = {isa = PBXBuildFile; fileRef = C301FDFA25563A3800F00AA1 /* MenuViewController.swift */; };
		C301FDFD25563A6100F00AA1 /* MenuPresenter.swift in Sources */ = {isa = PBXBuildFile; fileRef = C301FDFC25563A6100F00AA1 /* MenuPresenter.swift */; };
		C301FDFF25563A7100F00AA1 /* Menu+Protocols.swift in Sources */ = {isa = PBXBuildFile; fileRef = C301FDFE25563A7100F00AA1 /* Menu+Protocols.swift */; };
		C301FE0125563BEA00F00AA1 /* MenuOptionView.swift in Sources */ = {isa = PBXBuildFile; fileRef = C301FE0025563BEA00F00AA1 /* MenuOptionView.swift */; };
		C301FE0325563BF900F00AA1 /* MenuOptionView.xib in Resources */ = {isa = PBXBuildFile; fileRef = C301FE0225563BF900F00AA1 /* MenuOptionView.xib */; };
		C301FE0525563D2900F00AA1 /* UIView+RoundCorners.swift in Sources */ = {isa = PBXBuildFile; fileRef = C301FE0425563D2900F00AA1 /* UIView+RoundCorners.swift */; };
		C301FE0725563D4600F00AA1 /* UIView+Size.swift in Sources */ = {isa = PBXBuildFile; fileRef = C301FE0625563D4600F00AA1 /* UIView+Size.swift */; };
		C30E870725586EEE00C2644B /* RecipeViewController.swift in Sources */ = {isa = PBXBuildFile; fileRef = C30E870525586EEE00C2644B /* RecipeViewController.swift */; };
		C30E870825586EEE00C2644B /* RecipeViewController.xib in Resources */ = {isa = PBXBuildFile; fileRef = C30E870625586EEE00C2644B /* RecipeViewController.xib */; };
		C3212D1E2557663900B0BE51 /* LoaderViewController.swift in Sources */ = {isa = PBXBuildFile; fileRef = C3212D1C2557663900B0BE51 /* LoaderViewController.swift */; };
		C3212D1F2557663900B0BE51 /* LoaderViewController.xib in Resources */ = {isa = PBXBuildFile; fileRef = C3212D1D2557663900B0BE51 /* LoaderViewController.xib */; };
		C3212D212557664600B0BE51 /* LoaderViewType.swift in Sources */ = {isa = PBXBuildFile; fileRef = C3212D202557664600B0BE51 /* LoaderViewType.swift */; };
		C3800C7D2568ACCD00912718 /* ListBlockView.swift in Sources */ = {isa = PBXBuildFile; fileRef = C3800C7C2568ACCD00912718 /* ListBlockView.swift */; };
		C3800C7F2568AD1200912718 /* ListBlockView.xib in Resources */ = {isa = PBXBuildFile; fileRef = C3800C7E2568AD1200912718 /* ListBlockView.xib */; };
		C3800C822568AD2A00912718 /* ListItemView.swift in Sources */ = {isa = PBXBuildFile; fileRef = C3800C812568AD2A00912718 /* ListItemView.swift */; };
		C3800C842568AD3600912718 /* ListItemView.xib in Resources */ = {isa = PBXBuildFile; fileRef = C3800C832568AD3600912718 /* ListItemView.xib */; };
		C380845025618DD5008BAD5D /* UIView+Shadow.swift in Sources */ = {isa = PBXBuildFile; fileRef = C380844F25618DD5008BAD5D /* UIView+Shadow.swift */; };
		C3AD9B66254CECBE00CDD65D /* AppDelegate.swift in Sources */ = {isa = PBXBuildFile; fileRef = C3AD9B65254CECBE00CDD65D /* AppDelegate.swift */; };
		C3AD9B68254CECBE00CDD65D /* SceneDelegate.swift in Sources */ = {isa = PBXBuildFile; fileRef = C3AD9B67254CECBE00CDD65D /* SceneDelegate.swift */; };
		C3AD9B6A254CECBE00CDD65D /* ViewController.swift in Sources */ = {isa = PBXBuildFile; fileRef = C3AD9B69254CECBE00CDD65D /* ViewController.swift */; };
		C3AD9B6D254CECBE00CDD65D /* Main.storyboard in Resources */ = {isa = PBXBuildFile; fileRef = C3AD9B6B254CECBE00CDD65D /* Main.storyboard */; };
		C3AD9B6F254CECC000CDD65D /* Assets.xcassets in Resources */ = {isa = PBXBuildFile; fileRef = C3AD9B6E254CECC000CDD65D /* Assets.xcassets */; };
		C3AD9B72254CECC000CDD65D /* LaunchScreen.storyboard in Resources */ = {isa = PBXBuildFile; fileRef = C3AD9B70254CECC000CDD65D /* LaunchScreen.storyboard */; };
		C3AD9B92254CF9AD00CDD65D /* Alias.swift in Sources */ = {isa = PBXBuildFile; fileRef = C3AD9B91254CF9AD00CDD65D /* Alias.swift */; };
		C3AD9B96254CFAE600CDD65D /* R.generated.swift in Sources */ = {isa = PBXBuildFile; fileRef = C3AD9B95254CFAE600CDD65D /* R.generated.swift */; };
		C3EBD2502579D9A300EBEBE5 /* ListBlockView+Height.swift in Sources */ = {isa = PBXBuildFile; fileRef = C3EBD24F2579D9A300EBEBE5 /* ListBlockView+Height.swift */; };
		C3FB522325617B3200070058 /* UIViewController+NavigationBar.swift in Sources */ = {isa = PBXBuildFile; fileRef = C3FB522225617B3200070058 /* UIViewController+NavigationBar.swift */; };
		F102C1E925706F7A007F82A4 /* FavoriteTests.swift in Sources */ = {isa = PBXBuildFile; fileRef = F102C1E825706F7A007F82A4 /* FavoriteTests.swift */; };
		F10AE6912579C9E6000D506C /* MenuViewTypeMock.swift in Sources */ = {isa = PBXBuildFile; fileRef = F10AE6902579C9E6000D506C /* MenuViewTypeMock.swift */; };
		F10AE6932579CB54000D506C /* MenuSuccessMockApiNetworkService.swift in Sources */ = {isa = PBXBuildFile; fileRef = F10AE6922579CB54000D506C /* MenuSuccessMockApiNetworkService.swift */; };
		F10AE6952579CBA0000D506C /* MenuFailMockApiNetworkService.swift in Sources */ = {isa = PBXBuildFile; fileRef = F10AE6942579CBA0000D506C /* MenuFailMockApiNetworkService.swift */; };
		F10E88C825786A2500FB30DE /* NetworkServiceInterface.swift in Sources */ = {isa = PBXBuildFile; fileRef = F10E88C725786A2500FB30DE /* NetworkServiceInterface.swift */; };
		F12DFF3525780FD300AC92E2 /* ProfileViewTypeMock.swift in Sources */ = {isa = PBXBuildFile; fileRef = F12DFF3425780FD300AC92E2 /* ProfileViewTypeMock.swift */; };
		F12DFF39257817BD00AC92E2 /* ProfileSuccessMockApiNetworkService.swift in Sources */ = {isa = PBXBuildFile; fileRef = F12DFF38257817BD00AC92E2 /* ProfileSuccessMockApiNetworkService.swift */; };
		F13C3B0E2558CA6900209F2B /* SearchCollectionViewController.swift in Sources */ = {isa = PBXBuildFile; fileRef = F13C3B0D2558CA6900209F2B /* SearchCollectionViewController.swift */; };
		F13C3B122558CB6000209F2B /* SearchCollectionViewCell.swift in Sources */ = {isa = PBXBuildFile; fileRef = F13C3B102558CB6000209F2B /* SearchCollectionViewCell.swift */; };
		F13C3B132558CB6000209F2B /* SearchCollectionViewCell.xib in Resources */ = {isa = PBXBuildFile; fileRef = F13C3B112558CB6000209F2B /* SearchCollectionViewCell.xib */; };
		F13C3B152558CCFD00209F2B /* Search+Protocols.swift in Sources */ = {isa = PBXBuildFile; fileRef = F13C3B142558CCFD00209F2B /* Search+Protocols.swift */; };
		F13C3B172558CD2A00209F2B /* SearchPresenter.swift in Sources */ = {isa = PBXBuildFile; fileRef = F13C3B162558CD2A00209F2B /* SearchPresenter.swift */; };
		F13C3B192558D16700209F2B /* Category.swift in Sources */ = {isa = PBXBuildFile; fileRef = F13C3B182558D16700209F2B /* Category.swift */; };
		F13C3B1B2558D84000209F2B /* String+EndpointPath.swift in Sources */ = {isa = PBXBuildFile; fileRef = F13C3B1A2558D84000209F2B /* String+EndpointPath.swift */; };
		F148BE742579A9620035748B /* RangoTests.swift in Sources */ = {isa = PBXBuildFile; fileRef = F148BE732579A9620035748B /* RangoTests.swift */; };
		F148BE762579AB1F0035748B /* ProfileFailMockApiNetworkService.swift in Sources */ = {isa = PBXBuildFile; fileRef = F148BE752579AB1F0035748B /* ProfileFailMockApiNetworkService.swift */; };
		F148BE792579C5440035748B /* MenuPresenterTests.swift in Sources */ = {isa = PBXBuildFile; fileRef = F148BE782579C5440035748B /* MenuPresenterTests.swift */; };
		F149E0C32575BA04003B72E4 /* ProfilePresenterTests.swift in Sources */ = {isa = PBXBuildFile; fileRef = F149E0C22575BA04003B72E4 /* ProfilePresenterTests.swift */; };
		F1523A1F2550709500C4A65A /* Api.swift in Sources */ = {isa = PBXBuildFile; fileRef = F1523A1E2550709500C4A65A /* Api.swift */; };
		F1523A212550726200C4A65A /* Endpoint.swift in Sources */ = {isa = PBXBuildFile; fileRef = F1523A202550726200C4A65A /* Endpoint.swift */; };
		F1523A24255074B100C4A65A /* Recipe.swift in Sources */ = {isa = PBXBuildFile; fileRef = F1523A23255074B100C4A65A /* Recipe.swift */; };
		F1523A262550755A00C4A65A /* Dificulty.swift in Sources */ = {isa = PBXBuildFile; fileRef = F1523A252550755A00C4A65A /* Dificulty.swift */; };
		F1523A282550766E00C4A65A /* User.swift in Sources */ = {isa = PBXBuildFile; fileRef = F1523A272550766E00C4A65A /* User.swift */; };
		F1523A2A2550773000C4A65A /* Menu.swift in Sources */ = {isa = PBXBuildFile; fileRef = F1523A292550773000C4A65A /* Menu.swift */; };
		F1523A2C2550782800C4A65A /* UIImageView+LoadImage.swift in Sources */ = {isa = PBXBuildFile; fileRef = F1523A2B2550782800C4A65A /* UIImageView+LoadImage.swift */; };
		F15A0D2B2552ED26006EFE94 /* FavoriteTableViewController.swift in Sources */ = {isa = PBXBuildFile; fileRef = F15A0D2A2552ED26006EFE94 /* FavoriteTableViewController.swift */; };
		F15A0D302552F0D1006EFE94 /* RecipeTableViewCell.swift in Sources */ = {isa = PBXBuildFile; fileRef = F15A0D2E2552F0D1006EFE94 /* RecipeTableViewCell.swift */; };
		F15A0D312552F0D1006EFE94 /* RecipeTableViewCell.xib in Resources */ = {isa = PBXBuildFile; fileRef = F15A0D2F2552F0D1006EFE94 /* RecipeTableViewCell.xib */; };
		F1633A502559F35900409168 /* SearchResultTableViewController.swift in Sources */ = {isa = PBXBuildFile; fileRef = F1633A4E2559F35900409168 /* SearchResultTableViewController.swift */; };
		F1633A512559F35900409168 /* SearchResultTableViewController.xib in Resources */ = {isa = PBXBuildFile; fileRef = F1633A4F2559F35900409168 /* SearchResultTableViewController.xib */; };
		F1633A532559F3DC00409168 /* SearchResult+Protocols.swift in Sources */ = {isa = PBXBuildFile; fileRef = F1633A522559F3DC00409168 /* SearchResult+Protocols.swift */; };
		F1633A552559F3F600409168 /* SearchResultPresenter.swift in Sources */ = {isa = PBXBuildFile; fileRef = F1633A542559F3F600409168 /* SearchResultPresenter.swift */; };
		F1633A572559F7DF00409168 /* Profile+Protocols.swift in Sources */ = {isa = PBXBuildFile; fileRef = F1633A562559F7DF00409168 /* Profile+Protocols.swift */; };
		F1F76BD8255382B700625A13 /* Favorite.swift in Sources */ = {isa = PBXBuildFile; fileRef = F1F76BD7255382B700625A13 /* Favorite.swift */; };
		F1FF2EDD2553944400AE0D25 /* ProfileViewController.swift in Sources */ = {isa = PBXBuildFile; fileRef = F1FF2EDC2553944400AE0D25 /* ProfileViewController.swift */; };
		F1FF2EE1255395F000AE0D25 /* ProfilePresenter.swift in Sources */ = {isa = PBXBuildFile; fileRef = F1FF2EE0255395F000AE0D25 /* ProfilePresenter.swift */; };
/* End PBXBuildFile section */

/* Begin PBXContainerItemProxy section */
		C3AD9B79254CECC000CDD65D /* PBXContainerItemProxy */ = {
			isa = PBXContainerItemProxy;
			containerPortal = C3AD9B5A254CECBE00CDD65D /* Project object */;
			proxyType = 1;
			remoteGlobalIDString = C3AD9B61254CECBE00CDD65D;
			remoteInfo = Rango;
		};
/* End PBXContainerItemProxy section */

/* Begin PBXFileReference section */
		02EB695C82C93937ABED9FA1 /* Pods_Rango.framework */ = {isa = PBXFileReference; explicitFileType = wrapper.framework; includeInIndex = 0; path = Pods_Rango.framework; sourceTree = BUILT_PRODUCTS_DIR; };
		720E07CC349C86414349CF7E /* Pods-Rango.debug.xcconfig */ = {isa = PBXFileReference; includeInIndex = 1; lastKnownFileType = text.xcconfig; name = "Pods-Rango.debug.xcconfig"; path = "Target Support Files/Pods-Rango/Pods-Rango.debug.xcconfig"; sourceTree = "<group>"; };
		9206E0272554BD0E001CC6E8 /* LoginViewController.swift */ = {isa = PBXFileReference; lastKnownFileType = sourcecode.swift; path = LoginViewController.swift; sourceTree = "<group>"; };
		9206E0282554BD0E001CC6E8 /* LoginViewController.xib */ = {isa = PBXFileReference; lastKnownFileType = file.xib; path = LoginViewController.xib; sourceTree = "<group>"; };
		9206E02B2554C067001CC6E8 /* UITextField+Padding.swift */ = {isa = PBXFileReference; lastKnownFileType = sourcecode.swift; name = "UITextField+Padding.swift"; path = "Rango/Modules/Login/UITextField+Padding.swift"; sourceTree = SOURCE_ROOT; };
		928182C72550D3B30035C7CB /* Nunito-Light.ttf */ = {isa = PBXFileReference; lastKnownFileType = file; path = "Nunito-Light.ttf"; sourceTree = "<group>"; };
		928182C82550D3B30035C7CB /* Nunito-BlackItalic.ttf */ = {isa = PBXFileReference; lastKnownFileType = file; path = "Nunito-BlackItalic.ttf"; sourceTree = "<group>"; };
		928182C92550D3B30035C7CB /* Nunito-SemiBold.ttf */ = {isa = PBXFileReference; lastKnownFileType = file; path = "Nunito-SemiBold.ttf"; sourceTree = "<group>"; };
		928182CA2550D3B30035C7CB /* Nunito-SemiBoldItalic.ttf */ = {isa = PBXFileReference; lastKnownFileType = file; path = "Nunito-SemiBoldItalic.ttf"; sourceTree = "<group>"; };
		928182CB2550D3B30035C7CB /* Nunito-ExtraBold.ttf */ = {isa = PBXFileReference; lastKnownFileType = file; path = "Nunito-ExtraBold.ttf"; sourceTree = "<group>"; };
		928182CC2550D3B30035C7CB /* Nunito-ExtraLightItalic.ttf */ = {isa = PBXFileReference; lastKnownFileType = file; path = "Nunito-ExtraLightItalic.ttf"; sourceTree = "<group>"; };
		928182CD2550D3B30035C7CB /* Nunito-Italic.ttf */ = {isa = PBXFileReference; lastKnownFileType = file; path = "Nunito-Italic.ttf"; sourceTree = "<group>"; };
		928182CE2550D3B40035C7CB /* Nunito-ExtraLight.ttf */ = {isa = PBXFileReference; lastKnownFileType = file; path = "Nunito-ExtraLight.ttf"; sourceTree = "<group>"; };
		928182CF2550D3B40035C7CB /* Nunito-Bold.ttf */ = {isa = PBXFileReference; lastKnownFileType = file; path = "Nunito-Bold.ttf"; sourceTree = "<group>"; };
		928182D02550D3B40035C7CB /* Nunito-ExtraBoldItalic.ttf */ = {isa = PBXFileReference; lastKnownFileType = file; path = "Nunito-ExtraBoldItalic.ttf"; sourceTree = "<group>"; };
		928182D12550D3B40035C7CB /* Nunito-BoldItalic.ttf */ = {isa = PBXFileReference; lastKnownFileType = file; path = "Nunito-BoldItalic.ttf"; sourceTree = "<group>"; };
		928182D22550D3B40035C7CB /* Nunito-Black.ttf */ = {isa = PBXFileReference; lastKnownFileType = file; path = "Nunito-Black.ttf"; sourceTree = "<group>"; };
		928182D32550D3B40035C7CB /* Nunito-LightItalic.ttf */ = {isa = PBXFileReference; lastKnownFileType = file; path = "Nunito-LightItalic.ttf"; sourceTree = "<group>"; };
		928182D42550D3B50035C7CB /* Nunito-Regular.ttf */ = {isa = PBXFileReference; lastKnownFileType = file; path = "Nunito-Regular.ttf"; sourceTree = "<group>"; };
		C301FDFA25563A3800F00AA1 /* MenuViewController.swift */ = {isa = PBXFileReference; lastKnownFileType = sourcecode.swift; path = MenuViewController.swift; sourceTree = "<group>"; };
		C301FDFC25563A6100F00AA1 /* MenuPresenter.swift */ = {isa = PBXFileReference; lastKnownFileType = sourcecode.swift; path = MenuPresenter.swift; sourceTree = "<group>"; };
		C301FDFE25563A7100F00AA1 /* Menu+Protocols.swift */ = {isa = PBXFileReference; lastKnownFileType = sourcecode.swift; path = "Menu+Protocols.swift"; sourceTree = "<group>"; };
		C301FE0025563BEA00F00AA1 /* MenuOptionView.swift */ = {isa = PBXFileReference; lastKnownFileType = sourcecode.swift; path = MenuOptionView.swift; sourceTree = "<group>"; };
		C301FE0225563BF900F00AA1 /* MenuOptionView.xib */ = {isa = PBXFileReference; lastKnownFileType = file.xib; path = MenuOptionView.xib; sourceTree = "<group>"; };
		C301FE0425563D2900F00AA1 /* UIView+RoundCorners.swift */ = {isa = PBXFileReference; lastKnownFileType = sourcecode.swift; name = "UIView+RoundCorners.swift"; path = "Rango/Modules/Menu/Components/UIView+RoundCorners.swift"; sourceTree = SOURCE_ROOT; };
		C301FE0625563D4600F00AA1 /* UIView+Size.swift */ = {isa = PBXFileReference; lastKnownFileType = sourcecode.swift; name = "UIView+Size.swift"; path = "Rango/Modules/Menu/Components/UIView+Size.swift"; sourceTree = SOURCE_ROOT; };
		C30E870525586EEE00C2644B /* RecipeViewController.swift */ = {isa = PBXFileReference; lastKnownFileType = sourcecode.swift; path = RecipeViewController.swift; sourceTree = "<group>"; };
		C30E870625586EEE00C2644B /* RecipeViewController.xib */ = {isa = PBXFileReference; lastKnownFileType = file.xib; path = RecipeViewController.xib; sourceTree = "<group>"; };
		C3212D1C2557663900B0BE51 /* LoaderViewController.swift */ = {isa = PBXFileReference; lastKnownFileType = sourcecode.swift; path = LoaderViewController.swift; sourceTree = "<group>"; };
		C3212D1D2557663900B0BE51 /* LoaderViewController.xib */ = {isa = PBXFileReference; lastKnownFileType = file.xib; path = LoaderViewController.xib; sourceTree = "<group>"; };
		C3212D202557664600B0BE51 /* LoaderViewType.swift */ = {isa = PBXFileReference; lastKnownFileType = sourcecode.swift; path = LoaderViewType.swift; sourceTree = "<group>"; };
		C3800C7C2568ACCD00912718 /* ListBlockView.swift */ = {isa = PBXFileReference; lastKnownFileType = sourcecode.swift; path = ListBlockView.swift; sourceTree = "<group>"; };
		C3800C7E2568AD1200912718 /* ListBlockView.xib */ = {isa = PBXFileReference; lastKnownFileType = file.xib; path = ListBlockView.xib; sourceTree = "<group>"; };
		C3800C812568AD2A00912718 /* ListItemView.swift */ = {isa = PBXFileReference; lastKnownFileType = sourcecode.swift; path = ListItemView.swift; sourceTree = "<group>"; };
		C3800C832568AD3600912718 /* ListItemView.xib */ = {isa = PBXFileReference; lastKnownFileType = file.xib; path = ListItemView.xib; sourceTree = "<group>"; };
		C380844F25618DD5008BAD5D /* UIView+Shadow.swift */ = {isa = PBXFileReference; lastKnownFileType = sourcecode.swift; path = "UIView+Shadow.swift"; sourceTree = SOURCE_ROOT; };
		C3AD9B62254CECBE00CDD65D /* Rango.app */ = {isa = PBXFileReference; explicitFileType = wrapper.application; includeInIndex = 0; path = Rango.app; sourceTree = BUILT_PRODUCTS_DIR; };
		C3AD9B65254CECBE00CDD65D /* AppDelegate.swift */ = {isa = PBXFileReference; lastKnownFileType = sourcecode.swift; path = AppDelegate.swift; sourceTree = "<group>"; };
		C3AD9B67254CECBE00CDD65D /* SceneDelegate.swift */ = {isa = PBXFileReference; lastKnownFileType = sourcecode.swift; path = SceneDelegate.swift; sourceTree = "<group>"; };
		C3AD9B69254CECBE00CDD65D /* ViewController.swift */ = {isa = PBXFileReference; lastKnownFileType = sourcecode.swift; path = ViewController.swift; sourceTree = "<group>"; };
		C3AD9B6C254CECBE00CDD65D /* Base */ = {isa = PBXFileReference; lastKnownFileType = file.storyboard; name = Base; path = Base.lproj/Main.storyboard; sourceTree = "<group>"; };
		C3AD9B6E254CECC000CDD65D /* Assets.xcassets */ = {isa = PBXFileReference; lastKnownFileType = folder.assetcatalog; path = Assets.xcassets; sourceTree = "<group>"; };
		C3AD9B71254CECC000CDD65D /* Base */ = {isa = PBXFileReference; lastKnownFileType = file.storyboard; name = Base; path = Base.lproj/LaunchScreen.storyboard; sourceTree = "<group>"; };
		C3AD9B73254CECC000CDD65D /* Info.plist */ = {isa = PBXFileReference; lastKnownFileType = text.plist.xml; path = Info.plist; sourceTree = "<group>"; };
		C3AD9B78254CECC000CDD65D /* RangoTests.xctest */ = {isa = PBXFileReference; explicitFileType = wrapper.cfbundle; includeInIndex = 0; path = RangoTests.xctest; sourceTree = BUILT_PRODUCTS_DIR; };
		C3AD9B7E254CECC000CDD65D /* Info.plist */ = {isa = PBXFileReference; lastKnownFileType = text.plist.xml; path = Info.plist; sourceTree = "<group>"; };
		C3AD9B91254CF9AD00CDD65D /* Alias.swift */ = {isa = PBXFileReference; lastKnownFileType = sourcecode.swift; path = Alias.swift; sourceTree = "<group>"; };
		C3AD9B95254CFAE600CDD65D /* R.generated.swift */ = {isa = PBXFileReference; fileEncoding = 4; lastKnownFileType = sourcecode.swift; path = R.generated.swift; sourceTree = "<group>"; };
		C3EBD24F2579D9A300EBEBE5 /* ListBlockView+Height.swift */ = {isa = PBXFileReference; lastKnownFileType = sourcecode.swift; path = "ListBlockView+Height.swift"; sourceTree = SOURCE_ROOT; };
		C3FB522225617B3200070058 /* UIViewController+NavigationBar.swift */ = {isa = PBXFileReference; lastKnownFileType = sourcecode.swift; path = "UIViewController+NavigationBar.swift"; sourceTree = SOURCE_ROOT; };
		C5C925304F083606DE307C89 /* Pods-Rango.release.xcconfig */ = {isa = PBXFileReference; includeInIndex = 1; lastKnownFileType = text.xcconfig; name = "Pods-Rango.release.xcconfig"; path = "Target Support Files/Pods-Rango/Pods-Rango.release.xcconfig"; sourceTree = "<group>"; };
		E3399DACC8415A10ABAD5B08 /* Pods_RangoTests.framework */ = {isa = PBXFileReference; explicitFileType = wrapper.framework; includeInIndex = 0; path = Pods_RangoTests.framework; sourceTree = BUILT_PRODUCTS_DIR; };
		E4A710C225AC8A347E6FED02 /* Pods-RangoTests.debug.xcconfig */ = {isa = PBXFileReference; includeInIndex = 1; lastKnownFileType = text.xcconfig; name = "Pods-RangoTests.debug.xcconfig"; path = "Target Support Files/Pods-RangoTests/Pods-RangoTests.debug.xcconfig"; sourceTree = "<group>"; };
		F01757C97EAE95BDBEB60E9D /* Pods-RangoTests.release.xcconfig */ = {isa = PBXFileReference; includeInIndex = 1; lastKnownFileType = text.xcconfig; name = "Pods-RangoTests.release.xcconfig"; path = "Target Support Files/Pods-RangoTests/Pods-RangoTests.release.xcconfig"; sourceTree = "<group>"; };
		F102C1E825706F7A007F82A4 /* FavoriteTests.swift */ = {isa = PBXFileReference; lastKnownFileType = sourcecode.swift; path = FavoriteTests.swift; sourceTree = "<group>"; };
		F10AE6902579C9E6000D506C /* MenuViewTypeMock.swift */ = {isa = PBXFileReference; lastKnownFileType = sourcecode.swift; path = MenuViewTypeMock.swift; sourceTree = "<group>"; };
		F10AE6922579CB54000D506C /* MenuSuccessMockApiNetworkService.swift */ = {isa = PBXFileReference; lastKnownFileType = sourcecode.swift; path = MenuSuccessMockApiNetworkService.swift; sourceTree = "<group>"; };
		F10AE6942579CBA0000D506C /* MenuFailMockApiNetworkService.swift */ = {isa = PBXFileReference; lastKnownFileType = sourcecode.swift; path = MenuFailMockApiNetworkService.swift; sourceTree = "<group>"; };
		F10E88C725786A2500FB30DE /* NetworkServiceInterface.swift */ = {isa = PBXFileReference; lastKnownFileType = sourcecode.swift; path = NetworkServiceInterface.swift; sourceTree = "<group>"; };
		F12DFF3425780FD300AC92E2 /* ProfileViewTypeMock.swift */ = {isa = PBXFileReference; lastKnownFileType = sourcecode.swift; path = ProfileViewTypeMock.swift; sourceTree = "<group>"; };
		F12DFF38257817BD00AC92E2 /* ProfileSuccessMockApiNetworkService.swift */ = {isa = PBXFileReference; lastKnownFileType = sourcecode.swift; path = ProfileSuccessMockApiNetworkService.swift; sourceTree = "<group>"; };
		F13C3B0D2558CA6900209F2B /* SearchCollectionViewController.swift */ = {isa = PBXFileReference; lastKnownFileType = sourcecode.swift; path = SearchCollectionViewController.swift; sourceTree = "<group>"; };
		F13C3B102558CB6000209F2B /* SearchCollectionViewCell.swift */ = {isa = PBXFileReference; lastKnownFileType = sourcecode.swift; path = SearchCollectionViewCell.swift; sourceTree = "<group>"; };
		F13C3B112558CB6000209F2B /* SearchCollectionViewCell.xib */ = {isa = PBXFileReference; lastKnownFileType = file.xib; path = SearchCollectionViewCell.xib; sourceTree = "<group>"; };
		F13C3B142558CCFD00209F2B /* Search+Protocols.swift */ = {isa = PBXFileReference; lastKnownFileType = sourcecode.swift; path = "Search+Protocols.swift"; sourceTree = "<group>"; };
		F13C3B162558CD2A00209F2B /* SearchPresenter.swift */ = {isa = PBXFileReference; lastKnownFileType = sourcecode.swift; path = SearchPresenter.swift; sourceTree = "<group>"; };
		F13C3B182558D16700209F2B /* Category.swift */ = {isa = PBXFileReference; lastKnownFileType = sourcecode.swift; path = Category.swift; sourceTree = "<group>"; };
		F13C3B1A2558D84000209F2B /* String+EndpointPath.swift */ = {isa = PBXFileReference; lastKnownFileType = sourcecode.swift; name = "String+EndpointPath.swift"; path = "Rango/Model/String+EndpointPath.swift"; sourceTree = SOURCE_ROOT; };
		F148BE732579A9620035748B /* RangoTests.swift */ = {isa = PBXFileReference; lastKnownFileType = sourcecode.swift; path = RangoTests.swift; sourceTree = "<group>"; };
		F148BE752579AB1F0035748B /* ProfileFailMockApiNetworkService.swift */ = {isa = PBXFileReference; lastKnownFileType = sourcecode.swift; path = ProfileFailMockApiNetworkService.swift; sourceTree = "<group>"; };
		F148BE782579C5440035748B /* MenuPresenterTests.swift */ = {isa = PBXFileReference; lastKnownFileType = sourcecode.swift; path = MenuPresenterTests.swift; sourceTree = "<group>"; };
		F149E0C22575BA04003B72E4 /* ProfilePresenterTests.swift */ = {isa = PBXFileReference; lastKnownFileType = sourcecode.swift; path = ProfilePresenterTests.swift; sourceTree = "<group>"; };
		F1523A1E2550709500C4A65A /* Api.swift */ = {isa = PBXFileReference; lastKnownFileType = sourcecode.swift; path = Api.swift; sourceTree = "<group>"; };
		F1523A202550726200C4A65A /* Endpoint.swift */ = {isa = PBXFileReference; lastKnownFileType = sourcecode.swift; path = Endpoint.swift; sourceTree = "<group>"; };
		F1523A23255074B100C4A65A /* Recipe.swift */ = {isa = PBXFileReference; lastKnownFileType = sourcecode.swift; path = Recipe.swift; sourceTree = "<group>"; };
		F1523A252550755A00C4A65A /* Dificulty.swift */ = {isa = PBXFileReference; lastKnownFileType = sourcecode.swift; path = Dificulty.swift; sourceTree = "<group>"; };
		F1523A272550766E00C4A65A /* User.swift */ = {isa = PBXFileReference; lastKnownFileType = sourcecode.swift; path = User.swift; sourceTree = "<group>"; };
		F1523A292550773000C4A65A /* Menu.swift */ = {isa = PBXFileReference; lastKnownFileType = sourcecode.swift; path = Menu.swift; sourceTree = "<group>"; };
		F1523A2B2550782800C4A65A /* UIImageView+LoadImage.swift */ = {isa = PBXFileReference; lastKnownFileType = sourcecode.swift; name = "UIImageView+LoadImage.swift"; path = "Rango/Model/UIImageView+LoadImage.swift"; sourceTree = SOURCE_ROOT; };
		F15A0D2A2552ED26006EFE94 /* FavoriteTableViewController.swift */ = {isa = PBXFileReference; lastKnownFileType = sourcecode.swift; path = FavoriteTableViewController.swift; sourceTree = "<group>"; };
		F15A0D2E2552F0D1006EFE94 /* RecipeTableViewCell.swift */ = {isa = PBXFileReference; lastKnownFileType = sourcecode.swift; path = RecipeTableViewCell.swift; sourceTree = "<group>"; };
		F15A0D2F2552F0D1006EFE94 /* RecipeTableViewCell.xib */ = {isa = PBXFileReference; lastKnownFileType = file.xib; path = RecipeTableViewCell.xib; sourceTree = "<group>"; };
		F1633A4E2559F35900409168 /* SearchResultTableViewController.swift */ = {isa = PBXFileReference; lastKnownFileType = sourcecode.swift; path = SearchResultTableViewController.swift; sourceTree = "<group>"; };
		F1633A4F2559F35900409168 /* SearchResultTableViewController.xib */ = {isa = PBXFileReference; lastKnownFileType = file.xib; path = SearchResultTableViewController.xib; sourceTree = "<group>"; };
		F1633A522559F3DC00409168 /* SearchResult+Protocols.swift */ = {isa = PBXFileReference; lastKnownFileType = sourcecode.swift; path = "SearchResult+Protocols.swift"; sourceTree = "<group>"; };
		F1633A542559F3F600409168 /* SearchResultPresenter.swift */ = {isa = PBXFileReference; lastKnownFileType = sourcecode.swift; path = SearchResultPresenter.swift; sourceTree = "<group>"; };
		F1633A562559F7DF00409168 /* Profile+Protocols.swift */ = {isa = PBXFileReference; lastKnownFileType = sourcecode.swift; path = "Profile+Protocols.swift"; sourceTree = "<group>"; };
		F1F76BD7255382B700625A13 /* Favorite.swift */ = {isa = PBXFileReference; lastKnownFileType = sourcecode.swift; path = Favorite.swift; sourceTree = "<group>"; };
		F1FF2EDC2553944400AE0D25 /* ProfileViewController.swift */ = {isa = PBXFileReference; lastKnownFileType = sourcecode.swift; path = ProfileViewController.swift; sourceTree = "<group>"; };
		F1FF2EE0255395F000AE0D25 /* ProfilePresenter.swift */ = {isa = PBXFileReference; lastKnownFileType = sourcecode.swift; path = ProfilePresenter.swift; sourceTree = "<group>"; };
/* End PBXFileReference section */

/* Begin PBXFrameworksBuildPhase section */
		C3AD9B5F254CECBE00CDD65D /* Frameworks */ = {
			isa = PBXFrameworksBuildPhase;
			buildActionMask = 2147483647;
			files = (
				06F94D9604EF88026CEC99AB /* Pods_Rango.framework in Frameworks */,
			);
			runOnlyForDeploymentPostprocessing = 0;
		};
		C3AD9B75254CECC000CDD65D /* Frameworks */ = {
			isa = PBXFrameworksBuildPhase;
			buildActionMask = 2147483647;
			files = (
				50E89495C849239DDE930DD0 /* Pods_RangoTests.framework in Frameworks */,
			);
			runOnlyForDeploymentPostprocessing = 0;
		};
/* End PBXFrameworksBuildPhase section */

/* Begin PBXGroup section */
		15BA10D872D88D752F085817 /* Pods */ = {
			isa = PBXGroup;
			children = (
				720E07CC349C86414349CF7E /* Pods-Rango.debug.xcconfig */,
				C5C925304F083606DE307C89 /* Pods-Rango.release.xcconfig */,
				E4A710C225AC8A347E6FED02 /* Pods-RangoTests.debug.xcconfig */,
				F01757C97EAE95BDBEB60E9D /* Pods-RangoTests.release.xcconfig */,
			);
			path = Pods;
			sourceTree = "<group>";
		};
		1A4DC5F517CEE5249F8E9E64 /* Frameworks */ = {
			isa = PBXGroup;
			children = (
				02EB695C82C93937ABED9FA1 /* Pods_Rango.framework */,
				E3399DACC8415A10ABAD5B08 /* Pods_RangoTests.framework */,
			);
			name = Frameworks;
			sourceTree = "<group>";
		};
		9206E0262554BCE9001CC6E8 /* Login */ = {
			isa = PBXGroup;
			children = (
				9206E0272554BD0E001CC6E8 /* LoginViewController.swift */,
				9206E0282554BD0E001CC6E8 /* LoginViewController.xib */,
			);
			path = Login;
			sourceTree = "<group>";
		};
		928182C52550D3950035C7CB /* Resources */ = {
			isa = PBXGroup;
			children = (
				928182C62550D3A20035C7CB /* Fonts */,
			);
			path = Resources;
			sourceTree = "<group>";
		};
		928182C62550D3A20035C7CB /* Fonts */ = {
			isa = PBXGroup;
			children = (
				928182D22550D3B40035C7CB /* Nunito-Black.ttf */,
				928182C82550D3B30035C7CB /* Nunito-BlackItalic.ttf */,
				928182CF2550D3B40035C7CB /* Nunito-Bold.ttf */,
				928182D12550D3B40035C7CB /* Nunito-BoldItalic.ttf */,
				928182CB2550D3B30035C7CB /* Nunito-ExtraBold.ttf */,
				928182D02550D3B40035C7CB /* Nunito-ExtraBoldItalic.ttf */,
				928182CE2550D3B40035C7CB /* Nunito-ExtraLight.ttf */,
				928182CC2550D3B30035C7CB /* Nunito-ExtraLightItalic.ttf */,
				928182CD2550D3B30035C7CB /* Nunito-Italic.ttf */,
				928182C72550D3B30035C7CB /* Nunito-Light.ttf */,
				928182D32550D3B40035C7CB /* Nunito-LightItalic.ttf */,
				928182D42550D3B50035C7CB /* Nunito-Regular.ttf */,
				928182C92550D3B30035C7CB /* Nunito-SemiBold.ttf */,
				928182CA2550D3B30035C7CB /* Nunito-SemiBoldItalic.ttf */,
			);
			path = Fonts;
			sourceTree = "<group>";
		};
		C301FDF825563A1600F00AA1 /* Menu */ = {
			isa = PBXGroup;
			children = (
				C301FDF925563A2100F00AA1 /* Components */,
				C301FDFA25563A3800F00AA1 /* MenuViewController.swift */,
				C301FDFC25563A6100F00AA1 /* MenuPresenter.swift */,
				C301FDFE25563A7100F00AA1 /* Menu+Protocols.swift */,
			);
			path = Menu;
			sourceTree = "<group>";
		};
		C301FDF925563A2100F00AA1 /* Components */ = {
			isa = PBXGroup;
			children = (
				C301FE0025563BEA00F00AA1 /* MenuOptionView.swift */,
				C301FE0225563BF900F00AA1 /* MenuOptionView.xib */,
			);
			path = Components;
			sourceTree = "<group>";
		};
		C30E870425586ED200C2644B /* Recipe */ = {
			isa = PBXGroup;
			children = (
				C30E870525586EEE00C2644B /* RecipeViewController.swift */,
				C30E870625586EEE00C2644B /* RecipeViewController.xib */,
			);
			path = Recipe;
			sourceTree = "<group>";
		};
		C3212D1B2557662300B0BE51 /* Loader */ = {
			isa = PBXGroup;
			children = (
				C3212D1C2557663900B0BE51 /* LoaderViewController.swift */,
				C3212D1D2557663900B0BE51 /* LoaderViewController.xib */,
				C3212D202557664600B0BE51 /* LoaderViewType.swift */,
			);
			path = Loader;
			sourceTree = "<group>";
		};
		C3800C7B2568ACA100912718 /* ListBlock */ = {
			isa = PBXGroup;
			children = (
				C3800C802568AD1700912718 /* ListItem */,
				C3800C7C2568ACCD00912718 /* ListBlockView.swift */,
				C3800C7E2568AD1200912718 /* ListBlockView.xib */,
			);
			path = ListBlock;
			sourceTree = "<group>";
		};
		C3800C802568AD1700912718 /* ListItem */ = {
			isa = PBXGroup;
			children = (
				C3800C812568AD2A00912718 /* ListItemView.swift */,
				C3800C832568AD3600912718 /* ListItemView.xib */,
			);
			path = ListItem;
			sourceTree = "<group>";
		};
		C3AD9B59254CECBE00CDD65D = {
			isa = PBXGroup;
			children = (
				C3AD9B95254CFAE600CDD65D /* R.generated.swift */,
				C3AD9B64254CECBE00CDD65D /* Rango */,
				C3AD9B7B254CECC000CDD65D /* RangoTests */,
				C3AD9B63254CECBE00CDD65D /* Products */,
				15BA10D872D88D752F085817 /* Pods */,
				1A4DC5F517CEE5249F8E9E64 /* Frameworks */,
			);
			sourceTree = "<group>";
		};
		C3AD9B63254CECBE00CDD65D /* Products */ = {
			isa = PBXGroup;
			children = (
				C3AD9B62254CECBE00CDD65D /* Rango.app */,
				C3AD9B78254CECC000CDD65D /* RangoTests.xctest */,
			);
			name = Products;
			sourceTree = "<group>";
		};
		C3AD9B64254CECBE00CDD65D /* Rango */ = {
			isa = PBXGroup;
			children = (
				F15A0D2C2552F09B006EFE94 /* Components */,
				928182C52550D3950035C7CB /* Resources */,
				F1523A222550744000C4A65A /* Model */,
				F1523A1D2550708400C4A65A /* Api */,
				C3AD9B8B254CF72100CDD65D /* Extensions */,
				C3AD9B87254CF66E00CDD65D /* Modules */,
				C3AD9B65254CECBE00CDD65D /* AppDelegate.swift */,
				C3AD9B67254CECBE00CDD65D /* SceneDelegate.swift */,
				C3AD9B69254CECBE00CDD65D /* ViewController.swift */,
				C3AD9B6B254CECBE00CDD65D /* Main.storyboard */,
				C3AD9B6E254CECC000CDD65D /* Assets.xcassets */,
				C3AD9B70254CECC000CDD65D /* LaunchScreen.storyboard */,
				C3AD9B73254CECC000CDD65D /* Info.plist */,
				C3AD9B91254CF9AD00CDD65D /* Alias.swift */,
			);
			path = Rango;
			sourceTree = "<group>";
		};
		C3AD9B7B254CECC000CDD65D /* RangoTests */ = {
			isa = PBXGroup;
			children = (
				F148BE772579C5320035748B /* Menu */,
				F1C0AC1C2579A8420077CFEC /* Favorite */,
				F1C0AC1B2579A8190077CFEC /* Profile */,
				C3AD9B7E254CECC000CDD65D /* Info.plist */,
				F148BE732579A9620035748B /* RangoTests.swift */,
			);
			path = RangoTests;
			sourceTree = "<group>";
		};
		C3AD9B87254CF66E00CDD65D /* Modules */ = {
			isa = PBXGroup;
			children = (
				F1633A4D2559F32B00409168 /* SearchResult */,
				F13C3B0C2558CA4D00209F2B /* Search */,
				C30E870425586ED200C2644B /* Recipe */,
				C301FDF825563A1600F00AA1 /* Menu */,
				F1FF2EDB2553943000AE0D25 /* Profile */,
				9206E0262554BCE9001CC6E8 /* Login */,
				F15A0D292552ED06006EFE94 /* Favorite */,
			);
			path = Modules;
			sourceTree = "<group>";
		};
		C3AD9B8B254CF72100CDD65D /* Extensions */ = {
			isa = PBXGroup;
			children = (
				F1523A2B2550782800C4A65A /* UIImageView+LoadImage.swift */,
				9206E02B2554C067001CC6E8 /* UITextField+Padding.swift */,
				C301FE0425563D2900F00AA1 /* UIView+RoundCorners.swift */,
				C301FE0625563D4600F00AA1 /* UIView+Size.swift */,
				F13C3B1A2558D84000209F2B /* String+EndpointPath.swift */,
				C3FB522225617B3200070058 /* UIViewController+NavigationBar.swift */,
				C380844F25618DD5008BAD5D /* UIView+Shadow.swift */,
				C3EBD24F2579D9A300EBEBE5 /* ListBlockView+Height.swift */,
			);
			path = Extensions;
			sourceTree = "<group>";
		};
		F13C3B0C2558CA4D00209F2B /* Search */ = {
			isa = PBXGroup;
			children = (
				F13C3B0F2558CB3100209F2B /* Components */,
				F13C3B0D2558CA6900209F2B /* SearchCollectionViewController.swift */,
				F13C3B142558CCFD00209F2B /* Search+Protocols.swift */,
				F13C3B162558CD2A00209F2B /* SearchPresenter.swift */,
			);
			path = Search;
			sourceTree = "<group>";
		};
		F13C3B0F2558CB3100209F2B /* Components */ = {
			isa = PBXGroup;
			children = (
				F13C3B102558CB6000209F2B /* SearchCollectionViewCell.swift */,
				F13C3B112558CB6000209F2B /* SearchCollectionViewCell.xib */,
			);
			path = Components;
			sourceTree = "<group>";
		};
		F148BE772579C5320035748B /* Menu */ = {
			isa = PBXGroup;
			children = (
				F148BE782579C5440035748B /* MenuPresenterTests.swift */,
				F10AE6902579C9E6000D506C /* MenuViewTypeMock.swift */,
				F10AE6922579CB54000D506C /* MenuSuccessMockApiNetworkService.swift */,
				F10AE6942579CBA0000D506C /* MenuFailMockApiNetworkService.swift */,
			);
			path = Menu;
			sourceTree = "<group>";
		};
		F1523A1D2550708400C4A65A /* Api */ = {
			isa = PBXGroup;
			children = (
				F1523A1E2550709500C4A65A /* Api.swift */,
				F1523A202550726200C4A65A /* Endpoint.swift */,
				F10E88C725786A2500FB30DE /* NetworkServiceInterface.swift */,
			);
			path = Api;
			sourceTree = "<group>";
		};
		F1523A222550744000C4A65A /* Model */ = {
			isa = PBXGroup;
			children = (
				F1523A23255074B100C4A65A /* Recipe.swift */,
				F1523A252550755A00C4A65A /* Dificulty.swift */,
				F1523A272550766E00C4A65A /* User.swift */,
				F1523A292550773000C4A65A /* Menu.swift */,
				F13C3B182558D16700209F2B /* Category.swift */,
			);
			path = Model;
			sourceTree = "<group>";
		};
		F15A0D292552ED06006EFE94 /* Favorite */ = {
			isa = PBXGroup;
			children = (
				F15A0D2A2552ED26006EFE94 /* FavoriteTableViewController.swift */,
				F1F76BD7255382B700625A13 /* Favorite.swift */,
			);
			path = Favorite;
			sourceTree = "<group>";
		};
		F15A0D2C2552F09B006EFE94 /* Components */ = {
			isa = PBXGroup;
			children = (
				C3800C7B2568ACA100912718 /* ListBlock */,
				C3212D1B2557662300B0BE51 /* Loader */,
				F15A0D2D2552F0A3006EFE94 /* RecipeCard */,
			);
			path = Components;
			sourceTree = "<group>";
		};
		F15A0D2D2552F0A3006EFE94 /* RecipeCard */ = {
			isa = PBXGroup;
			children = (
				F15A0D2E2552F0D1006EFE94 /* RecipeTableViewCell.swift */,
				F15A0D2F2552F0D1006EFE94 /* RecipeTableViewCell.xib */,
			);
			path = RecipeCard;
			sourceTree = "<group>";
		};
		F1633A4D2559F32B00409168 /* SearchResult */ = {
			isa = PBXGroup;
			children = (
				F1633A4E2559F35900409168 /* SearchResultTableViewController.swift */,
				F1633A4F2559F35900409168 /* SearchResultTableViewController.xib */,
				F1633A522559F3DC00409168 /* SearchResult+Protocols.swift */,
				F1633A542559F3F600409168 /* SearchResultPresenter.swift */,
			);
			path = SearchResult;
			sourceTree = "<group>";
		};
		F1C0AC1B2579A8190077CFEC /* Profile */ = {
			isa = PBXGroup;
			children = (
				F149E0C22575BA04003B72E4 /* ProfilePresenterTests.swift */,
				F12DFF3425780FD300AC92E2 /* ProfileViewTypeMock.swift */,
				F12DFF38257817BD00AC92E2 /* ProfileSuccessMockApiNetworkService.swift */,
				F148BE752579AB1F0035748B /* ProfileFailMockApiNetworkService.swift */,
			);
			path = Profile;
			sourceTree = "<group>";
		};
		F1C0AC1C2579A8420077CFEC /* Favorite */ = {
			isa = PBXGroup;
			children = (
				F102C1E825706F7A007F82A4 /* FavoriteTests.swift */,
			);
			path = Favorite;
			sourceTree = "<group>";
		};
		F1FF2EDB2553943000AE0D25 /* Profile */ = {
			isa = PBXGroup;
			children = (
				F1FF2EDC2553944400AE0D25 /* ProfileViewController.swift */,
				F1FF2EE0255395F000AE0D25 /* ProfilePresenter.swift */,
				F1633A562559F7DF00409168 /* Profile+Protocols.swift */,
			);
			path = Profile;
			sourceTree = "<group>";
		};
/* End PBXGroup section */

/* Begin PBXNativeTarget section */
		C3AD9B61254CECBE00CDD65D /* Rango */ = {
			isa = PBXNativeTarget;
			buildConfigurationList = C3AD9B81254CECC000CDD65D /* Build configuration list for PBXNativeTarget "Rango" */;
			buildPhases = (
				FE48C7AB76D7B2AEC1110F42 /* [CP] Check Pods Manifest.lock */,
				C3AD9B5E254CECBE00CDD65D /* Sources */,
				C3AD9B5F254CECBE00CDD65D /* Frameworks */,
				C3AD9B60254CECBE00CDD65D /* Resources */,
				8789AFA8401B40A7E08F9163 /* [CP] Embed Pods Frameworks */,
				C3AD9B90254CF88D00CDD65D /* Run Script */,
			);
			buildRules = (
			);
			dependencies = (
			);
			name = Rango;
			productName = Rango;
			productReference = C3AD9B62254CECBE00CDD65D /* Rango.app */;
			productType = "com.apple.product-type.application";
		};
		C3AD9B77254CECC000CDD65D /* RangoTests */ = {
			isa = PBXNativeTarget;
			buildConfigurationList = C3AD9B84254CECC000CDD65D /* Build configuration list for PBXNativeTarget "RangoTests" */;
			buildPhases = (
				76F171B0FDC2ABFE3CA984E4 /* [CP] Check Pods Manifest.lock */,
				C3AD9B74254CECC000CDD65D /* Sources */,
				C3AD9B75254CECC000CDD65D /* Frameworks */,
				C3AD9B76254CECC000CDD65D /* Resources */,
				330A290834DBB1463B1D8B36 /* [CP] Embed Pods Frameworks */,
			);
			buildRules = (
			);
			dependencies = (
				C3AD9B7A254CECC000CDD65D /* PBXTargetDependency */,
			);
			name = RangoTests;
			productName = RangoTests;
			productReference = C3AD9B78254CECC000CDD65D /* RangoTests.xctest */;
			productType = "com.apple.product-type.bundle.unit-test";
		};
/* End PBXNativeTarget section */

/* Begin PBXProject section */
		C3AD9B5A254CECBE00CDD65D /* Project object */ = {
			isa = PBXProject;
			attributes = {
				LastSwiftUpdateCheck = 1170;
				LastUpgradeCheck = 1170;
				ORGANIZATIONNAME = CWI;
				TargetAttributes = {
					C3AD9B61254CECBE00CDD65D = {
						CreatedOnToolsVersion = 11.7;
					};
					C3AD9B77254CECC000CDD65D = {
						CreatedOnToolsVersion = 11.7;
						TestTargetID = C3AD9B61254CECBE00CDD65D;
					};
				};
			};
			buildConfigurationList = C3AD9B5D254CECBE00CDD65D /* Build configuration list for PBXProject "Rango" */;
			compatibilityVersion = "Xcode 9.3";
			developmentRegion = en;
			hasScannedForEncodings = 0;
			knownRegions = (
				en,
				Base,
			);
			mainGroup = C3AD9B59254CECBE00CDD65D;
			productRefGroup = C3AD9B63254CECBE00CDD65D /* Products */;
			projectDirPath = "";
			projectRoot = "";
			targets = (
				C3AD9B61254CECBE00CDD65D /* Rango */,
				C3AD9B77254CECC000CDD65D /* RangoTests */,
			);
		};
/* End PBXProject section */

/* Begin PBXResourcesBuildPhase section */
		C3AD9B60254CECBE00CDD65D /* Resources */ = {
			isa = PBXResourcesBuildPhase;
			buildActionMask = 2147483647;
			files = (
				928182D72550D3B50035C7CB /* Nunito-SemiBold.ttf in Resources */,
				928182DB2550D3B50035C7CB /* Nunito-Italic.ttf in Resources */,
				928182DF2550D3B50035C7CB /* Nunito-BoldItalic.ttf in Resources */,
				9206E02A2554BD0E001CC6E8 /* LoginViewController.xib in Resources */,
				928182DA2550D3B50035C7CB /* Nunito-ExtraLightItalic.ttf in Resources */,
				928182D82550D3B50035C7CB /* Nunito-SemiBoldItalic.ttf in Resources */,
				928182DC2550D3B50035C7CB /* Nunito-ExtraLight.ttf in Resources */,
				C3800C7F2568AD1200912718 /* ListBlockView.xib in Resources */,
				C3AD9B72254CECC000CDD65D /* LaunchScreen.storyboard in Resources */,
				C301FE0325563BF900F00AA1 /* MenuOptionView.xib in Resources */,
				C3AD9B6F254CECC000CDD65D /* Assets.xcassets in Resources */,
				C30E870825586EEE00C2644B /* RecipeViewController.xib in Resources */,
				928182D52550D3B50035C7CB /* Nunito-Light.ttf in Resources */,
				C3AD9B6D254CECBE00CDD65D /* Main.storyboard in Resources */,
				928182E12550D3B50035C7CB /* Nunito-LightItalic.ttf in Resources */,
				928182D62550D3B50035C7CB /* Nunito-BlackItalic.ttf in Resources */,
				F13C3B132558CB6000209F2B /* SearchCollectionViewCell.xib in Resources */,
				C3800C842568AD3600912718 /* ListItemView.xib in Resources */,
				928182E02550D3B50035C7CB /* Nunito-Black.ttf in Resources */,
				928182DE2550D3B50035C7CB /* Nunito-ExtraBoldItalic.ttf in Resources */,
				928182DD2550D3B50035C7CB /* Nunito-Bold.ttf in Resources */,
				928182E22550D3B50035C7CB /* Nunito-Regular.ttf in Resources */,
				928182D92550D3B50035C7CB /* Nunito-ExtraBold.ttf in Resources */,
				C3212D1F2557663900B0BE51 /* LoaderViewController.xib in Resources */,
				F15A0D312552F0D1006EFE94 /* RecipeTableViewCell.xib in Resources */,
				F1633A512559F35900409168 /* SearchResultTableViewController.xib in Resources */,
			);
			runOnlyForDeploymentPostprocessing = 0;
		};
		C3AD9B76254CECC000CDD65D /* Resources */ = {
			isa = PBXResourcesBuildPhase;
			buildActionMask = 2147483647;
			files = (
			);
			runOnlyForDeploymentPostprocessing = 0;
		};
/* End PBXResourcesBuildPhase section */

/* Begin PBXShellScriptBuildPhase section */
		330A290834DBB1463B1D8B36 /* [CP] Embed Pods Frameworks */ = {
			isa = PBXShellScriptBuildPhase;
			buildActionMask = 2147483647;
			files = (
			);
			inputFileListPaths = (
				"${PODS_ROOT}/Target Support Files/Pods-RangoTests/Pods-RangoTests-frameworks-${CONFIGURATION}-input-files.xcfilelist",
			);
			name = "[CP] Embed Pods Frameworks";
			outputFileListPaths = (
				"${PODS_ROOT}/Target Support Files/Pods-RangoTests/Pods-RangoTests-frameworks-${CONFIGURATION}-output-files.xcfilelist",
			);
			runOnlyForDeploymentPostprocessing = 0;
			shellPath = /bin/sh;
			shellScript = "\"${PODS_ROOT}/Target Support Files/Pods-RangoTests/Pods-RangoTests-frameworks.sh\"\n";
			showEnvVarsInLog = 0;
		};
		76F171B0FDC2ABFE3CA984E4 /* [CP] Check Pods Manifest.lock */ = {
			isa = PBXShellScriptBuildPhase;
			buildActionMask = 2147483647;
			files = (
			);
			inputFileListPaths = (
			);
			inputPaths = (
				"${PODS_PODFILE_DIR_PATH}/Podfile.lock",
				"${PODS_ROOT}/Manifest.lock",
			);
			name = "[CP] Check Pods Manifest.lock";
			outputFileListPaths = (
			);
			outputPaths = (
				"$(DERIVED_FILE_DIR)/Pods-RangoTests-checkManifestLockResult.txt",
			);
			runOnlyForDeploymentPostprocessing = 0;
			shellPath = /bin/sh;
			shellScript = "diff \"${PODS_PODFILE_DIR_PATH}/Podfile.lock\" \"${PODS_ROOT}/Manifest.lock\" > /dev/null\nif [ $? != 0 ] ; then\n    # print error to STDERR\n    echo \"error: The sandbox is not in sync with the Podfile.lock. Run 'pod install' or update your CocoaPods installation.\" >&2\n    exit 1\nfi\n# This output is used by Xcode 'outputs' to avoid re-running this script phase.\necho \"SUCCESS\" > \"${SCRIPT_OUTPUT_FILE_0}\"\n";
			showEnvVarsInLog = 0;
		};
		8789AFA8401B40A7E08F9163 /* [CP] Embed Pods Frameworks */ = {
			isa = PBXShellScriptBuildPhase;
			buildActionMask = 2147483647;
			files = (
			);
			inputFileListPaths = (
				"${PODS_ROOT}/Target Support Files/Pods-Rango/Pods-Rango-frameworks-${CONFIGURATION}-input-files.xcfilelist",
			);
			name = "[CP] Embed Pods Frameworks";
			outputFileListPaths = (
				"${PODS_ROOT}/Target Support Files/Pods-Rango/Pods-Rango-frameworks-${CONFIGURATION}-output-files.xcfilelist",
			);
			runOnlyForDeploymentPostprocessing = 0;
			shellPath = /bin/sh;
			shellScript = "\"${PODS_ROOT}/Target Support Files/Pods-Rango/Pods-Rango-frameworks.sh\"\n";
			showEnvVarsInLog = 0;
		};
		C3AD9B90254CF88D00CDD65D /* Run Script */ = {
			isa = PBXShellScriptBuildPhase;
			buildActionMask = 2147483647;
			files = (
			);
			inputFileListPaths = (
			);
			inputPaths = (
				"$TEMP_DIR/rswift-lastrun",
			);
			name = "Run Script";
			outputFileListPaths = (
			);
			outputPaths = (
				"$SRCROOT/R.generated.swift",
			);
			runOnlyForDeploymentPostprocessing = 0;
			shellPath = /bin/sh;
			shellScript = "\n\"$PODS_ROOT/R.swift/rswift\" generate \"$SRCROOT/R.generated.swift\"\n";
		};
		FE48C7AB76D7B2AEC1110F42 /* [CP] Check Pods Manifest.lock */ = {
			isa = PBXShellScriptBuildPhase;
			buildActionMask = 2147483647;
			files = (
			);
			inputFileListPaths = (
			);
			inputPaths = (
				"${PODS_PODFILE_DIR_PATH}/Podfile.lock",
				"${PODS_ROOT}/Manifest.lock",
			);
			name = "[CP] Check Pods Manifest.lock";
			outputFileListPaths = (
			);
			outputPaths = (
				"$(DERIVED_FILE_DIR)/Pods-Rango-checkManifestLockResult.txt",
			);
			runOnlyForDeploymentPostprocessing = 0;
			shellPath = /bin/sh;
			shellScript = "diff \"${PODS_PODFILE_DIR_PATH}/Podfile.lock\" \"${PODS_ROOT}/Manifest.lock\" > /dev/null\nif [ $? != 0 ] ; then\n    # print error to STDERR\n    echo \"error: The sandbox is not in sync with the Podfile.lock. Run 'pod install' or update your CocoaPods installation.\" >&2\n    exit 1\nfi\n# This output is used by Xcode 'outputs' to avoid re-running this script phase.\necho \"SUCCESS\" > \"${SCRIPT_OUTPUT_FILE_0}\"\n";
			showEnvVarsInLog = 0;
		};
/* End PBXShellScriptBuildPhase section */

/* Begin PBXSourcesBuildPhase section */
		C3AD9B5E254CECBE00CDD65D /* Sources */ = {
			isa = PBXSourcesBuildPhase;
			buildActionMask = 2147483647;
			files = (
				F1F76BD8255382B700625A13 /* Favorite.swift in Sources */,
				C301FE0725563D4600F00AA1 /* UIView+Size.swift in Sources */,
				F15A0D2B2552ED26006EFE94 /* FavoriteTableViewController.swift in Sources */,
				C3212D212557664600B0BE51 /* LoaderViewType.swift in Sources */,
				F1523A212550726200C4A65A /* Endpoint.swift in Sources */,
				F1633A552559F3F600409168 /* SearchResultPresenter.swift in Sources */,
				C301FDFD25563A6100F00AA1 /* MenuPresenter.swift in Sources */,
				F1523A1F2550709500C4A65A /* Api.swift in Sources */,
				F10E88C825786A2500FB30DE /* NetworkServiceInterface.swift in Sources */,
				F15A0D302552F0D1006EFE94 /* RecipeTableViewCell.swift in Sources */,
				C30E870725586EEE00C2644B /* RecipeViewController.swift in Sources */,
				F1523A262550755A00C4A65A /* Dificulty.swift in Sources */,
				C301FE0125563BEA00F00AA1 /* MenuOptionView.swift in Sources */,
				F1FF2EDD2553944400AE0D25 /* ProfileViewController.swift in Sources */,
				F1633A532559F3DC00409168 /* SearchResult+Protocols.swift in Sources */,
				C3AD9B96254CFAE600CDD65D /* R.generated.swift in Sources */,
				C3800C822568AD2A00912718 /* ListItemView.swift in Sources */,
				F1523A2C2550782800C4A65A /* UIImageView+LoadImage.swift in Sources */,
				C3800C7D2568ACCD00912718 /* ListBlockView.swift in Sources */,
				F13C3B122558CB6000209F2B /* SearchCollectionViewCell.swift in Sources */,
				C301FDFB25563A3800F00AA1 /* MenuViewController.swift in Sources */,
				C3AD9B6A254CECBE00CDD65D /* ViewController.swift in Sources */,
				C3EBD2502579D9A300EBEBE5 /* ListBlockView+Height.swift in Sources */,
				9206E02C2554C067001CC6E8 /* UITextField+Padding.swift in Sources */,
				F1633A572559F7DF00409168 /* Profile+Protocols.swift in Sources */,
				F1523A2A2550773000C4A65A /* Menu.swift in Sources */,
				C3AD9B66254CECBE00CDD65D /* AppDelegate.swift in Sources */,
				C3AD9B92254CF9AD00CDD65D /* Alias.swift in Sources */,
				C301FDFF25563A7100F00AA1 /* Menu+Protocols.swift in Sources */,
				C3FB522325617B3200070058 /* UIViewController+NavigationBar.swift in Sources */,
				C301FE0525563D2900F00AA1 /* UIView+RoundCorners.swift in Sources */,
				F1FF2EE1255395F000AE0D25 /* ProfilePresenter.swift in Sources */,
				C3212D1E2557663900B0BE51 /* LoaderViewController.swift in Sources */,
				9206E0292554BD0E001CC6E8 /* LoginViewController.swift in Sources */,
				C3AD9B68254CECBE00CDD65D /* SceneDelegate.swift in Sources */,
				F1523A282550766E00C4A65A /* User.swift in Sources */,
				F1523A24255074B100C4A65A /* Recipe.swift in Sources */,
				F13C3B0E2558CA6900209F2B /* SearchCollectionViewController.swift in Sources */,
				F13C3B1B2558D84000209F2B /* String+EndpointPath.swift in Sources */,
				C380845025618DD5008BAD5D /* UIView+Shadow.swift in Sources */,
				F13C3B172558CD2A00209F2B /* SearchPresenter.swift in Sources */,
				F13C3B152558CCFD00209F2B /* Search+Protocols.swift in Sources */,
				F13C3B192558D16700209F2B /* Category.swift in Sources */,
				F1633A502559F35900409168 /* SearchResultTableViewController.swift in Sources */,
			);
			runOnlyForDeploymentPostprocessing = 0;
		};
		C3AD9B74254CECC000CDD65D /* Sources */ = {
			isa = PBXSourcesBuildPhase;
			buildActionMask = 2147483647;
			files = (
				F12DFF39257817BD00AC92E2 /* ProfileSuccessMockApiNetworkService.swift in Sources */,
				F148BE792579C5440035748B /* MenuPresenterTests.swift in Sources */,
				F148BE742579A9620035748B /* RangoTests.swift in Sources */,
				F149E0C32575BA04003B72E4 /* ProfilePresenterTests.swift in Sources */,
				F10AE6952579CBA0000D506C /* MenuFailMockApiNetworkService.swift in Sources */,
				F12DFF3525780FD300AC92E2 /* ProfileViewTypeMock.swift in Sources */,
				F10AE6912579C9E6000D506C /* MenuViewTypeMock.swift in Sources */,
				F102C1E925706F7A007F82A4 /* FavoriteTests.swift in Sources */,
				F148BE762579AB1F0035748B /* ProfileFailMockApiNetworkService.swift in Sources */,
				F10AE6932579CB54000D506C /* MenuSuccessMockApiNetworkService.swift in Sources */,
			);
			runOnlyForDeploymentPostprocessing = 0;
		};
/* End PBXSourcesBuildPhase section */

/* Begin PBXTargetDependency section */
		C3AD9B7A254CECC000CDD65D /* PBXTargetDependency */ = {
			isa = PBXTargetDependency;
			target = C3AD9B61254CECBE00CDD65D /* Rango */;
			targetProxy = C3AD9B79254CECC000CDD65D /* PBXContainerItemProxy */;
		};
/* End PBXTargetDependency section */

/* Begin PBXVariantGroup section */
		C3AD9B6B254CECBE00CDD65D /* Main.storyboard */ = {
			isa = PBXVariantGroup;
			children = (
				C3AD9B6C254CECBE00CDD65D /* Base */,
			);
			name = Main.storyboard;
			sourceTree = "<group>";
		};
		C3AD9B70254CECC000CDD65D /* LaunchScreen.storyboard */ = {
			isa = PBXVariantGroup;
			children = (
				C3AD9B71254CECC000CDD65D /* Base */,
			);
			name = LaunchScreen.storyboard;
			sourceTree = "<group>";
		};
/* End PBXVariantGroup section */

/* Begin XCBuildConfiguration section */
		C3AD9B7F254CECC000CDD65D /* Debug */ = {
			isa = XCBuildConfiguration;
			buildSettings = {
				ALWAYS_SEARCH_USER_PATHS = NO;
				CLANG_ANALYZER_NONNULL = YES;
				CLANG_ANALYZER_NUMBER_OBJECT_CONVERSION = YES_AGGRESSIVE;
				CLANG_CXX_LANGUAGE_STANDARD = "gnu++14";
				CLANG_CXX_LIBRARY = "libc++";
				CLANG_ENABLE_MODULES = YES;
				CLANG_ENABLE_OBJC_ARC = YES;
				CLANG_ENABLE_OBJC_WEAK = YES;
				CLANG_WARN_BLOCK_CAPTURE_AUTORELEASING = YES;
				CLANG_WARN_BOOL_CONVERSION = YES;
				CLANG_WARN_COMMA = YES;
				CLANG_WARN_CONSTANT_CONVERSION = YES;
				CLANG_WARN_DEPRECATED_OBJC_IMPLEMENTATIONS = YES;
				CLANG_WARN_DIRECT_OBJC_ISA_USAGE = YES_ERROR;
				CLANG_WARN_DOCUMENTATION_COMMENTS = YES;
				CLANG_WARN_EMPTY_BODY = YES;
				CLANG_WARN_ENUM_CONVERSION = YES;
				CLANG_WARN_INFINITE_RECURSION = YES;
				CLANG_WARN_INT_CONVERSION = YES;
				CLANG_WARN_NON_LITERAL_NULL_CONVERSION = YES;
				CLANG_WARN_OBJC_IMPLICIT_RETAIN_SELF = YES;
				CLANG_WARN_OBJC_LITERAL_CONVERSION = YES;
				CLANG_WARN_OBJC_ROOT_CLASS = YES_ERROR;
				CLANG_WARN_RANGE_LOOP_ANALYSIS = YES;
				CLANG_WARN_STRICT_PROTOTYPES = YES;
				CLANG_WARN_SUSPICIOUS_MOVE = YES;
				CLANG_WARN_UNGUARDED_AVAILABILITY = YES_AGGRESSIVE;
				CLANG_WARN_UNREACHABLE_CODE = YES;
				CLANG_WARN__DUPLICATE_METHOD_MATCH = YES;
				COPY_PHASE_STRIP = NO;
				DEBUG_INFORMATION_FORMAT = dwarf;
				ENABLE_STRICT_OBJC_MSGSEND = YES;
				ENABLE_TESTABILITY = YES;
				GCC_C_LANGUAGE_STANDARD = gnu11;
				GCC_DYNAMIC_NO_PIC = NO;
				GCC_NO_COMMON_BLOCKS = YES;
				GCC_OPTIMIZATION_LEVEL = 0;
				GCC_PREPROCESSOR_DEFINITIONS = (
					"DEBUG=1",
					"$(inherited)",
				);
				GCC_WARN_64_TO_32_BIT_CONVERSION = YES;
				GCC_WARN_ABOUT_RETURN_TYPE = YES_ERROR;
				GCC_WARN_UNDECLARED_SELECTOR = YES;
				GCC_WARN_UNINITIALIZED_AUTOS = YES_AGGRESSIVE;
				GCC_WARN_UNUSED_FUNCTION = YES;
				GCC_WARN_UNUSED_VARIABLE = YES;
				IPHONEOS_DEPLOYMENT_TARGET = 13.7;
				MTL_ENABLE_DEBUG_INFO = INCLUDE_SOURCE;
				MTL_FAST_MATH = YES;
				ONLY_ACTIVE_ARCH = YES;
				SDKROOT = iphoneos;
				SWIFT_ACTIVE_COMPILATION_CONDITIONS = DEBUG;
				SWIFT_OPTIMIZATION_LEVEL = "-Onone";
			};
			name = Debug;
		};
		C3AD9B80254CECC000CDD65D /* Release */ = {
			isa = XCBuildConfiguration;
			buildSettings = {
				ALWAYS_SEARCH_USER_PATHS = NO;
				CLANG_ANALYZER_NONNULL = YES;
				CLANG_ANALYZER_NUMBER_OBJECT_CONVERSION = YES_AGGRESSIVE;
				CLANG_CXX_LANGUAGE_STANDARD = "gnu++14";
				CLANG_CXX_LIBRARY = "libc++";
				CLANG_ENABLE_MODULES = YES;
				CLANG_ENABLE_OBJC_ARC = YES;
				CLANG_ENABLE_OBJC_WEAK = YES;
				CLANG_WARN_BLOCK_CAPTURE_AUTORELEASING = YES;
				CLANG_WARN_BOOL_CONVERSION = YES;
				CLANG_WARN_COMMA = YES;
				CLANG_WARN_CONSTANT_CONVERSION = YES;
				CLANG_WARN_DEPRECATED_OBJC_IMPLEMENTATIONS = YES;
				CLANG_WARN_DIRECT_OBJC_ISA_USAGE = YES_ERROR;
				CLANG_WARN_DOCUMENTATION_COMMENTS = YES;
				CLANG_WARN_EMPTY_BODY = YES;
				CLANG_WARN_ENUM_CONVERSION = YES;
				CLANG_WARN_INFINITE_RECURSION = YES;
				CLANG_WARN_INT_CONVERSION = YES;
				CLANG_WARN_NON_LITERAL_NULL_CONVERSION = YES;
				CLANG_WARN_OBJC_IMPLICIT_RETAIN_SELF = YES;
				CLANG_WARN_OBJC_LITERAL_CONVERSION = YES;
				CLANG_WARN_OBJC_ROOT_CLASS = YES_ERROR;
				CLANG_WARN_RANGE_LOOP_ANALYSIS = YES;
				CLANG_WARN_STRICT_PROTOTYPES = YES;
				CLANG_WARN_SUSPICIOUS_MOVE = YES;
				CLANG_WARN_UNGUARDED_AVAILABILITY = YES_AGGRESSIVE;
				CLANG_WARN_UNREACHABLE_CODE = YES;
				CLANG_WARN__DUPLICATE_METHOD_MATCH = YES;
				COPY_PHASE_STRIP = NO;
				DEBUG_INFORMATION_FORMAT = "dwarf-with-dsym";
				ENABLE_NS_ASSERTIONS = NO;
				ENABLE_STRICT_OBJC_MSGSEND = YES;
				GCC_C_LANGUAGE_STANDARD = gnu11;
				GCC_NO_COMMON_BLOCKS = YES;
				GCC_WARN_64_TO_32_BIT_CONVERSION = YES;
				GCC_WARN_ABOUT_RETURN_TYPE = YES_ERROR;
				GCC_WARN_UNDECLARED_SELECTOR = YES;
				GCC_WARN_UNINITIALIZED_AUTOS = YES_AGGRESSIVE;
				GCC_WARN_UNUSED_FUNCTION = YES;
				GCC_WARN_UNUSED_VARIABLE = YES;
				IPHONEOS_DEPLOYMENT_TARGET = 13.7;
				MTL_ENABLE_DEBUG_INFO = NO;
				MTL_FAST_MATH = YES;
				SDKROOT = iphoneos;
				SWIFT_COMPILATION_MODE = wholemodule;
				SWIFT_OPTIMIZATION_LEVEL = "-O";
				VALIDATE_PRODUCT = YES;
			};
			name = Release;
		};
		C3AD9B82254CECC000CDD65D /* Debug */ = {
			isa = XCBuildConfiguration;
			baseConfigurationReference = 720E07CC349C86414349CF7E /* Pods-Rango.debug.xcconfig */;
			buildSettings = {
				ASSETCATALOG_COMPILER_APPICON_NAME = AppIcon;
				CODE_SIGN_STYLE = Automatic;
				DEVELOPMENT_TEAM = DXV3L9CRNS;
				INFOPLIST_FILE = Rango/Info.plist;
				LD_RUNPATH_SEARCH_PATHS = (
					"$(inherited)",
					"@executable_path/Frameworks",
				);
				PRODUCT_BUNDLE_IDENTIFIER = br.com.cwi.bel.Rango;
				PRODUCT_NAME = "$(TARGET_NAME)";
				SWIFT_VERSION = 5.0;
				TARGETED_DEVICE_FAMILY = "1,2";
			};
			name = Debug;
		};
		C3AD9B83254CECC000CDD65D /* Release */ = {
			isa = XCBuildConfiguration;
			baseConfigurationReference = C5C925304F083606DE307C89 /* Pods-Rango.release.xcconfig */;
			buildSettings = {
				ASSETCATALOG_COMPILER_APPICON_NAME = AppIcon;
				CODE_SIGN_STYLE = Automatic;
				DEVELOPMENT_TEAM = DXV3L9CRNS;
				INFOPLIST_FILE = Rango/Info.plist;
				LD_RUNPATH_SEARCH_PATHS = (
					"$(inherited)",
					"@executable_path/Frameworks",
				);
				PRODUCT_BUNDLE_IDENTIFIER = br.com.cwi.bel.Rango;
				PRODUCT_NAME = "$(TARGET_NAME)";
				SWIFT_VERSION = 5.0;
				TARGETED_DEVICE_FAMILY = "1,2";
			};
			name = Release;
		};
		C3AD9B85254CECC000CDD65D /* Debug */ = {
			isa = XCBuildConfiguration;
			baseConfigurationReference = E4A710C225AC8A347E6FED02 /* Pods-RangoTests.debug.xcconfig */;
			buildSettings = {
				ALWAYS_EMBED_SWIFT_STANDARD_LIBRARIES = YES;
				BUNDLE_LOADER = "$(TEST_HOST)";
				CODE_SIGN_STYLE = Automatic;
				DEVELOPMENT_TEAM = DXV3L9CRNS;
				INFOPLIST_FILE = RangoTests/Info.plist;
				IPHONEOS_DEPLOYMENT_TARGET = 13.7;
				LD_RUNPATH_SEARCH_PATHS = (
					"$(inherited)",
					"@executable_path/Frameworks",
					"@loader_path/Frameworks",
				);
				PRODUCT_BUNDLE_IDENTIFIER = br.com.cwi.bel.RangoTests;
				PRODUCT_NAME = "$(TARGET_NAME)";
				SWIFT_VERSION = 5.0;
				TARGETED_DEVICE_FAMILY = "1,2";
				TEST_HOST = "$(BUILT_PRODUCTS_DIR)/Rango.app/Rango";
			};
			name = Debug;
		};
		C3AD9B86254CECC000CDD65D /* Release */ = {
			isa = XCBuildConfiguration;
			baseConfigurationReference = F01757C97EAE95BDBEB60E9D /* Pods-RangoTests.release.xcconfig */;
			buildSettings = {
				ALWAYS_EMBED_SWIFT_STANDARD_LIBRARIES = YES;
				BUNDLE_LOADER = "$(TEST_HOST)";
				CODE_SIGN_STYLE = Automatic;
				DEVELOPMENT_TEAM = DXV3L9CRNS;
				INFOPLIST_FILE = RangoTests/Info.plist;
				IPHONEOS_DEPLOYMENT_TARGET = 13.7;
				LD_RUNPATH_SEARCH_PATHS = (
					"$(inherited)",
					"@executable_path/Frameworks",
					"@loader_path/Frameworks",
				);
				PRODUCT_BUNDLE_IDENTIFIER = br.com.cwi.bel.RangoTests;
				PRODUCT_NAME = "$(TARGET_NAME)";
				SWIFT_VERSION = 5.0;
				TARGETED_DEVICE_FAMILY = "1,2";
				TEST_HOST = "$(BUILT_PRODUCTS_DIR)/Rango.app/Rango";
			};
			name = Release;
		};
/* End XCBuildConfiguration section */

/* Begin XCConfigurationList section */
		C3AD9B5D254CECBE00CDD65D /* Build configuration list for PBXProject "Rango" */ = {
			isa = XCConfigurationList;
			buildConfigurations = (
				C3AD9B7F254CECC000CDD65D /* Debug */,
				C3AD9B80254CECC000CDD65D /* Release */,
			);
			defaultConfigurationIsVisible = 0;
			defaultConfigurationName = Release;
		};
		C3AD9B81254CECC000CDD65D /* Build configuration list for PBXNativeTarget "Rango" */ = {
			isa = XCConfigurationList;
			buildConfigurations = (
				C3AD9B82254CECC000CDD65D /* Debug */,
				C3AD9B83254CECC000CDD65D /* Release */,
			);
			defaultConfigurationIsVisible = 0;
			defaultConfigurationName = Release;
		};
		C3AD9B84254CECC000CDD65D /* Build configuration list for PBXNativeTarget "RangoTests" */ = {
			isa = XCConfigurationList;
			buildConfigurations = (
				C3AD9B85254CECC000CDD65D /* Debug */,
				C3AD9B86254CECC000CDD65D /* Release */,
			);
			defaultConfigurationIsVisible = 0;
			defaultConfigurationName = Release;
		};
/* End XCConfigurationList section */
	};
	rootObject = C3AD9B5A254CECBE00CDD65D /* Project object */;
}
